#MicroXplorer Configuration settings - do not modify
#Mon Dec 08 23:21:37 CET 2014
File.Version=4
KeepUserPlacement=false
Mcu.Family=STM32L0
Mcu.IP0=NVIC
Mcu.IP1=RCC
Mcu.IP2=SYS
Mcu.IP3=USB
Mcu.IP4=USB_DEVICE
Mcu.IPNb=5
Mcu.Name=STM32L052R(6-8)Tx
Mcu.Package=LQFP64
Mcu.Pin0=PC14-OSC32_IN
Mcu.Pin1=PA11
Mcu.Pin2=PA12
Mcu.Pin3=PA13
Mcu.Pin4=PA14
Mcu.Pin5=PB9
Mcu.Pin6=VP_RCC_USB
Mcu.Pin7=VP_USB_DEVICE_VS_USB_DEVICE_DFU_FS
Mcu.PinsNb=8
Mcu.UserName=STM32L052R8Tx
NVIC.SysTick_IRQn=true\:0\:0
NVIC.USB_IRQn=true\:0\:0
PA11.Mode=Device
PA11.Signal=USB_DM
PA12.Mode=Device
PA12.Signal=USB_DP
PA13.Mode=Serial_Wire
PA13.Signal=SYS_SWDIO
PA14.Mode=Serial_Wire
PA14.Signal=SYS_SWCLK
PB9.GPIOParameters=GPIO_Label,GPIO_PuPd,GPIO_Mode
PB9.GPIO_Label=PWRSWITCH
PB9.GPIO_Mode=GPIO_MODE_INPUT
PB9.GPIO_PuPd=GPIO_PULLUP
PB9.Locked=true
PB9.Signal=GPIO_Input
PC14-OSC32_IN.GPIOParameters=GPIO_Label,GPIO_PuPd,GPIO_Mode
PC14-OSC32_IN.GPIO_Label=HOTKEY
PC14-OSC32_IN.GPIO_Mode=GPIO_MODE_INPUT
PC14-OSC32_IN.GPIO_PuPd=GPIO_PULLUP
PC14-OSC32_IN.Locked=true
PC14-OSC32_IN.Signal=GPIO_Input
PCC.Family=STM32L0
PCC.MCU=STM32L052R(6-8)Tx
PCC.MXVersion=4.3.1
PCC.PartNumber=STM32L052R8Tx
PCC.Seq0=0
PCC.SubFamily=STM32L0x2
PCC.Temperature=25
PCC.Vdd=null
ProjectManager.AskForMigrate=true
ProjectManager.BackupPrevious=false
ProjectManager.CompilerOptimize=2
ProjectManager.ComputerToolchain=false
ProjectManager.CoupleFile=false
ProjectManager.DeletePrevious=true
ProjectManager.DeviceId=STM32L052R8Tx
ProjectManager.FirmwarePackage=STM32Cube FW_L0 V1.1.0
ProjectManager.FreePins=false
ProjectManager.HalAssertFull=false
ProjectManager.KeepUserCode=true
ProjectManager.LastFirmware=true
ProjectManager.LibraryCopy=2
ProjectManager.ProjectBuild=false
ProjectManager.ProjectFileName=Bootloader.ioc
ProjectManager.ProjectName=Bootloader
ProjectManager.TargetToolchain=TrueSTUDIO 5.0
RCC.FamilyName=M
RCC.HSE_VALUE=8000000
RCC.HSI16_VALUE=16000000
RCC.HSI48MClockSelection=RCC_USBCLKSOURCE_HSI48
RCC.HSI48_VALUE=48000000
RCC.HSI_VALUE=16000000
RCC.IPParameters=,FamilyName,HSI48MClockSelection,LSE_VALUE,SYSCLKSource,MSI_VALUE,PLLMUL,HSE_VALUE,HSI_VALUE,HSI16_VALUE,LSI_VALUE,HSI48_VALUE
RCC.LSE_VALUE=32768
RCC.LSI_VALUE=37000
RCC.MSI_VALUE=2097000
RCC.PLLMUL=RCC_PLLMUL_4
RCC.SYSCLKSource=RCC_SYSCLKSOURCE_PLLCLK
USB.IPParameters=ep0_mps
USB.ep0_mps=DEP0CTL_MPS_64
USB_DEVICE.IPParameters=USBD_DFU_APP_DEFAULT_ADD,VirtualModeFS,VirtualMode,USBD_HandleTypeDef,PRODUCT_STRING_FS,USBD_SELF_POWERED,USBD_DEBUG_LEVEL,USBD_SUPPORT_USER_STRING
USB_DEVICE.PRODUCT_STRING_FS=STM32 Firmware Update
USB_DEVICE.USBD_DEBUG_LEVEL=0
USB_DEVICE.USBD_DFU_APP_DEFAULT_ADD=8004000
USB_DEVICE.USBD_HandleTypeDef=hUsbDeviceFS
USB_DEVICE.USBD_SELF_POWERED=0
USB_DEVICE.USBD_SUPPORT_USER_STRING=1
USB_DEVICE.VirtualMode=Dfu
USB_DEVICE.VirtualModeFS=Dfu_FS
VP_RCC_USB.Mode=CRS SYNC Source USB
VP_RCC_USB.Signal=RCC_USB
VP_USB_DEVICE_VS_USB_DEVICE_DFU_FS.Mode=DFU_FS
VP_USB_DEVICE_VS_USB_DEVICE_DFU_FS.Signal=USB_DEVICE_VS_USB_DEVICE_DFU_FS
