#MicroXplorer Configuration settings - do not modify
#Thu Oct 09 20:53:28 CEST 2014
File.Version=4
KeepUserPlacement=false
Mcu.Family=STM32L0
Mcu.IP0=IWDG
Mcu.IP1=NVIC
Mcu.IP2=RCC
Mcu.IP3=SYS
Mcu.IP4=TIM2
Mcu.IP5=TIM21
Mcu.IP6=TIM22
Mcu.IP7=USART1
Mcu.IP8=USB
Mcu.IP9=USB_DEVICE
Mcu.IPNb=10
Mcu.Name=STM32L052R(6-8)Tx
Mcu.Package=LQFP64
Mcu.Pin0=PA0-WKUP
Mcu.Pin1=PA1
Mcu.Pin10=PA13
Mcu.Pin11=PA14
Mcu.Pin12=PB6
Mcu.Pin13=PB7
Mcu.Pin14=VP_IWDG_VS_IWDG
Mcu.Pin15=VP_RCC_USB
Mcu.Pin16=VP_USB_DEVICE_VS_USB_DEVICE_HID_FS
Mcu.Pin2=PA2
Mcu.Pin3=PA3
Mcu.Pin4=PA6
Mcu.Pin5=PA7
Mcu.Pin6=PB10
Mcu.Pin7=PB11
Mcu.Pin8=PA11
Mcu.Pin9=PA12
Mcu.PinsNb=17
Mcu.UserName=STM32L052R8Tx
NVIC.SysTick_IRQn=true\:0\:0
NVIC.USB_IRQn=true\:0\:0
PA0-WKUP.Signal=S_TIM2_CH1
PA1.Signal=S_TIM2_CH2
PA11.Mode=Device
PA11.Signal=USB_DM
PA12.Mode=Device
PA12.Signal=USB_DP
PA13.Mode=Serial_Wire
PA13.Signal=SYS_SWDIO
PA14.Mode=Serial_Wire
PA14.Signal=SYS_SWCLK
PA2.Signal=S_TIM21_CH1
PA3.Signal=S_TIM21_CH2
PA6.Signal=S_TIM22_CH1
PA7.Signal=S_TIM22_CH2
PB10.Signal=S_TIM2_CH3
PB11.Signal=S_TIM2_CH4
PB6.GPIOParameters=GPIO_Speed,GPIO_PuPd,GPIO_Mode
PB6.GPIO_Mode=GPIO_MODE_AF_PP
PB6.GPIO_PuPd=GPIO_PULLUP
PB6.GPIO_Speed=GPIO_SPEED_LOW
PB6.Mode=Asynchronous
PB6.Signal=USART1_TX
PB7.GPIOParameters=GPIO_Speed,GPIO_PuPd,GPIO_Mode
PB7.GPIO_Mode=GPIO_MODE_AF_PP
PB7.GPIO_PuPd=GPIO_PULLUP
PB7.GPIO_Speed=GPIO_SPEED_LOW
PB7.Mode=Asynchronous
PB7.Signal=USART1_RX
PCC.Family=STM32L0
PCC.MCU=STM32L052R(6-8)Tx
PCC.MXVersion=4.3.1
PCC.PartNumber=STM32L052R8Tx
PCC.Seq0=0
PCC.SubFamily=STM32L0x2
PCC.Temperature=25
PCC.Vdd=null
ProjectManager.AskForMigrate=true
ProjectManager.BackupPrevious=false
ProjectManager.CompilerOptimize=2
ProjectManager.ComputerToolchain=false
ProjectManager.CoupleFile=false
ProjectManager.DeletePrevious=true
ProjectManager.DeviceId=STM32L052R8Tx
ProjectManager.FirmwarePackage=STM32Cube FW_L0 V1.1.0
ProjectManager.FreePins=false
ProjectManager.HalAssertFull=false
ProjectManager.KeepUserCode=true
ProjectManager.LastFirmware=true
ProjectManager.LibraryCopy=0
ProjectManager.ProjectBuild=false
ProjectManager.ProjectFileName=Keyboard Adapter.ioc
ProjectManager.ProjectName=Keyboard Adapter
ProjectManager.TargetToolchain=TrueSTUDIO 5.0
RCC.FamilyName=M
RCC.HSE_VALUE=8000000
RCC.HSI16_VALUE=16000000
RCC.HSI48MClockSelection=RCC_USBCLKSOURCE_HSI48
RCC.HSI48_VALUE=48000000
RCC.HSI_VALUE=16000000
RCC.IPParameters=,FamilyName,HSI48MClockSelection,LSE_VALUE,SYSCLKSource,MSI_VALUE,HSE_VALUE,PLLMUL,HSI_VALUE,HSI16_VALUE,LSI_VALUE,HSI48_VALUE
RCC.LSE_VALUE=32768
RCC.LSI_VALUE=37000
RCC.MSI_VALUE=2097000
RCC.PLLMUL=RCC_PLLMUL_4
RCC.SYSCLKSource=RCC_SYSCLKSOURCE_PLLCLK
SH.S_TIM21_CH1.0=TIM21_CH1,PWM Generation1 CH1
SH.S_TIM21_CH1.ConfNb=1
SH.S_TIM21_CH2.0=TIM21_CH2,PWM Generation2 CH2
SH.S_TIM21_CH2.ConfNb=1
SH.S_TIM22_CH1.0=TIM22_CH1,PWM Generation1 CH1
SH.S_TIM22_CH1.ConfNb=1
SH.S_TIM22_CH2.0=TIM22_CH2,PWM Generation2 CH2
SH.S_TIM22_CH2.ConfNb=1
SH.S_TIM2_CH1.0=TIM2_CH1,PWM Generation1 CH1
SH.S_TIM2_CH1.ConfNb=1
SH.S_TIM2_CH2.0=TIM2_CH2,PWM Generation2 CH2
SH.S_TIM2_CH2.ConfNb=1
SH.S_TIM2_CH3.0=TIM2_CH3,PWM Generation3 CH3
SH.S_TIM2_CH3.ConfNb=1
SH.S_TIM2_CH4.0=TIM2_CH4,PWM Generation4 CH4
SH.S_TIM2_CH4.ConfNb=1
TIM2.Channel-PWM\ Generation2\ CH2=TIM_CHANNEL_2
TIM2.Channel-PWM\ Generation3\ CH3=TIM_CHANNEL_3
TIM2.Channel-PWM\ Generation4\ CH4=TIM_CHANNEL_4
TIM2.IPParameters=Channel-PWM Generation4 CH4,Channel-PWM Generation2 CH2,Channel-PWM Generation3 CH3
TIM21.Channel-PWM\ Generation2\ CH2=TIM_CHANNEL_2
TIM21.IPParameters=Channel-PWM Generation2 CH2
TIM22.Channel-PWM\ Generation2\ CH2=TIM_CHANNEL_2
TIM22.IPParameters=Channel-PWM Generation2 CH2
USB.IPParameters=ep0_mps
USB.ep0_mps=DEP0CTL_MPS_64
USB_DEVICE.IPParameters=VirtualModeFS,VirtualMode,USBD_HandleTypeDef,PRODUCT_STRING_FS,PID_FS,MANUFACTURER_STRING,VID,SERIALNUMBER_STRING_FS,USBD_DEBUG_LEVEL
USB_DEVICE.MANUFACTURER_STRING=t-kindler.de
USB_DEVICE.PID_FS=28416
USB_DEVICE.PRODUCT_STRING_FS=Nucular Keyboard / Pointing Stick
USB_DEVICE.SERIALNUMBER_STRING_FS=000000000001
USB_DEVICE.USBD_DEBUG_LEVEL=3
USB_DEVICE.USBD_HandleTypeDef=hUsbDeviceFS
USB_DEVICE.VID=7504
USB_DEVICE.VirtualMode=Hid
USB_DEVICE.VirtualModeFS=Hid_FS
VP_IWDG_VS_IWDG.Mode=IWDG_Activate
VP_IWDG_VS_IWDG.Signal=IWDG_VS_IWDG
VP_RCC_USB.Mode=CRS SYNC Source USB
VP_RCC_USB.Signal=RCC_USB
VP_USB_DEVICE_VS_USB_DEVICE_HID_FS.Mode=HID_FS
VP_USB_DEVICE_VS_USB_DEVICE_HID_FS.Signal=USB_DEVICE_VS_USB_DEVICE_HID_FS
